{
  "version": "2",
  "remote": {},
  "npm": {
    "specifiers": {
      "is-mobile": "is-mobile@4.0.0",
      "qrcode-terminal": "qrcode-terminal@0.12.0",
      "ws": "ws@8.13.0"
    },
    "packages": {
      "is-mobile@4.0.0": {
        "integrity": "sha512-mlcHZA84t1qLSuWkt2v0I2l61PYdyQDt4aG1mLIXF5FDMm4+haBCxCPYSr/uwqQNRk1MiTizn0ypEuRAOLRAew==",
        "dependencies": {}
      },
      "qrcode-terminal@0.12.0": {
        "integrity": "sha512-EXtzRZmC+YGmGlDFbXKxQiMZNwCLEO6BANKXG4iCtSIM0yqc/pappSx3RIKr4r0uh5JsBckOXeKrB3Iz7mdQpQ==",
        "dependencies": {}
      },
      "ws@8.13.0": {
        "integrity": "sha512-x9vcZYTrFPC7aSIbj7sRCYo7L/Xb8Iy+pW0ng0wt2vCJv7M9HOMy0UoN3rr+IFC7hb7vXoqS+P9ktyLLLhO+LA==",
        "dependencies": {}
      }
    }
  }
}
